// !$*UTF8*$!
{
	archiveVersion = 1;
	classes = {
	};
	objectVersion = 46;
	objects = {

/* Begin PBXBuildFile section */
		842ED5501BD0393B00CCDA0E /* AppDelegate+ETPush.m in Sources */ = {isa = PBXBuildFile; fileRef = 842ED54F1BD0393B00CCDA0E /* AppDelegate+ETPush.m */; settings = {ASSET_TAGS = (); }; };
		842ED5531BD039A700CCDA0E /* AppDelegate+ETPushConstants.m in Sources */ = {isa = PBXBuildFile; fileRef = 842ED5521BD039A700CCDA0E /* AppDelegate+ETPushConstants.m */; settings = {ASSET_TAGS = (); }; };
		842ED5691BD03ADD00CCDA0E /* libJB4ASDK-4.0.2.a in Frameworks */ = {isa = PBXBuildFile; fileRef = 842ED5661BD03ADD00CCDA0E /* libJB4ASDK-4.0.2.a */; settings = {ASSET_TAGS = (); }; };
		846FC0921BD5349E000D8062 /* MCTagsViewController.m in Sources */ = {isa = PBXBuildFile; fileRef = 846FC0911BD5349E000D8062 /* MCTagsViewController.m */; settings = {ASSET_TAGS = (); }; };
		84B068DE1BD1437F00FE115D /* MCHomeView.m in Sources */ = {isa = PBXBuildFile; fileRef = 84B068DD1BD1437F00FE115D /* MCHomeView.m */; settings = {ASSET_TAGS = (); }; };
		84D31EAA1BC6D1E400E31DAE /* main.m in Sources */ = {isa = PBXBuildFile; fileRef = 84D31EA91BC6D1E400E31DAE /* main.m */; };
		84D31EAD1BC6D1E400E31DAE /* AppDelegate.m in Sources */ = {isa = PBXBuildFile; fileRef = 84D31EAC1BC6D1E400E31DAE /* AppDelegate.m */; };
		84D31EB31BC6D1E400E31DAE /* Main.storyboard in Resources */ = {isa = PBXBuildFile; fileRef = 84D31EB11BC6D1E400E31DAE /* Main.storyboard */; };
		84D31EB51BC6D1E400E31DAE /* Assets.xcassets in Resources */ = {isa = PBXBuildFile; fileRef = 84D31EB41BC6D1E400E31DAE /* Assets.xcassets */; };
		84D31EB81BC6D1E400E31DAE /* LaunchScreen.storyboard in Resources */ = {isa = PBXBuildFile; fileRef = 84D31EB61BC6D1E400E31DAE /* LaunchScreen.storyboard */; };
		84D31EC31BC6D1E400E31DAE /* MarketingCloudTests.m in Sources */ = {isa = PBXBuildFile; fileRef = 84D31EC21BC6D1E400E31DAE /* MarketingCloudTests.m */; };
		84D31ECE1BC6D1E400E31DAE /* MarketingCloudUITests.m in Sources */ = {isa = PBXBuildFile; fileRef = 84D31ECD1BC6D1E400E31DAE /* MarketingCloudUITests.m */; };
/* End PBXBuildFile section */

/* Begin PBXContainerItemProxy section */
		84D31EBF1BC6D1E400E31DAE /* PBXContainerItemProxy */ = {
			isa = PBXContainerItemProxy;
			containerPortal = 84D31E9D1BC6D1E400E31DAE /* Project object */;
			proxyType = 1;
			remoteGlobalIDString = 84D31EA41BC6D1E400E31DAE;
			remoteInfo = MarketingCloud;
		};
		84D31ECA1BC6D1E400E31DAE /* PBXContainerItemProxy */ = {
			isa = PBXContainerItemProxy;
			containerPortal = 84D31E9D1BC6D1E400E31DAE /* Project object */;
			proxyType = 1;
			remoteGlobalIDString = 84D31EA41BC6D1E400E31DAE;
			remoteInfo = MarketingCloud;
		};
/* End PBXContainerItemProxy section */

/* Begin PBXFileReference section */
		842ED54E1BD0393B00CCDA0E /* AppDelegate+ETPush.h */ = {isa = PBXFileReference; fileEncoding = 4; lastKnownFileType = sourcecode.c.h; path = "AppDelegate+ETPush.h"; sourceTree = "<group>"; };
		842ED54F1BD0393B00CCDA0E /* AppDelegate+ETPush.m */ = {isa = PBXFileReference; fileEncoding = 4; lastKnownFileType = sourcecode.c.objc; path = "AppDelegate+ETPush.m"; sourceTree = "<group>"; };
		842ED5511BD039A700CCDA0E /* AppDelegate+ETPushConstants.h */ = {isa = PBXFileReference; fileEncoding = 4; lastKnownFileType = sourcecode.c.h; path = "AppDelegate+ETPushConstants.h"; sourceTree = "<group>"; };
		842ED5521BD039A700CCDA0E /* AppDelegate+ETPushConstants.m */ = {isa = PBXFileReference; fileEncoding = 4; lastKnownFileType = sourcecode.c.objc; path = "AppDelegate+ETPushConstants.m"; sourceTree = "<group>"; };
		842ED5551BD03ADD00CCDA0E /* ETBulkUpdateShim.h */ = {isa = PBXFileReference; fileEncoding = 4; lastKnownFileType = sourcecode.c.h; path = ETBulkUpdateShim.h; sourceTree = "<group>"; };
		842ED5561BD03ADD00CCDA0E /* ETEvent.h */ = {isa = PBXFileReference; fileEncoding = 4; lastKnownFileType = sourcecode.c.h; path = ETEvent.h; sourceTree = "<group>"; };
		842ED5571BD03ADD00CCDA0E /* ETFenceMessage.h */ = {isa = PBXFileReference; fileEncoding = 4; lastKnownFileType = sourcecode.c.h; path = ETFenceMessage.h; sourceTree = "<group>"; };
		842ED5581BD03ADD00CCDA0E /* ETGenericUpdate.h */ = {isa = PBXFileReference; fileEncoding = 4; lastKnownFileType = sourcecode.c.h; path = ETGenericUpdate.h; sourceTree = "<group>"; };
		842ED5591BD03ADD00CCDA0E /* ETKeyValueStore.h */ = {isa = PBXFileReference; fileEncoding = 4; lastKnownFileType = sourcecode.c.h; path = ETKeyValueStore.h; sourceTree = "<group>"; };
		842ED55A1BD03ADD00CCDA0E /* ETLandingPagePresenter.h */ = {isa = PBXFileReference; fileEncoding = 4; lastKnownFileType = sourcecode.c.h; path = ETLandingPagePresenter.h; sourceTree = "<group>"; };
		842ED55B1BD03ADD00CCDA0E /* ETLocationManager.h */ = {isa = PBXFileReference; fileEncoding = 4; lastKnownFileType = sourcecode.c.h; path = ETLocationManager.h; sourceTree = "<group>"; };
		842ED55C1BD03ADD00CCDA0E /* ETLocationUpdate.h */ = {isa = PBXFileReference; fileEncoding = 4; lastKnownFileType = sourcecode.c.h; path = ETLocationUpdate.h; sourceTree = "<group>"; };
		842ED55D1BD03ADD00CCDA0E /* ETMessage.h */ = {isa = PBXFileReference; fileEncoding = 4; lastKnownFileType = sourcecode.c.h; path = ETMessage.h; sourceTree = "<group>"; };
		842ED55E1BD03ADD00CCDA0E /* ETPhoneHome.h */ = {isa = PBXFileReference; fileEncoding = 4; lastKnownFileType = sourcecode.c.h; path = ETPhoneHome.h; sourceTree = "<group>"; };
		842ED55F1BD03ADD00CCDA0E /* ETPush.h */ = {isa = PBXFileReference; fileEncoding = 4; lastKnownFileType = sourcecode.c.h; path = ETPush.h; sourceTree = "<group>"; };
		842ED5601BD03ADD00CCDA0E /* ETRegion.h */ = {isa = PBXFileReference; fileEncoding = 4; lastKnownFileType = sourcecode.c.h; path = ETRegion.h; sourceTree = "<group>"; };
		842ED5611BD03ADD00CCDA0E /* ETRegistration.h */ = {isa = PBXFileReference; fileEncoding = 4; lastKnownFileType = sourcecode.c.h; path = ETRegistration.h; sourceTree = "<group>"; };
		842ED5621BD03ADD00CCDA0E /* ETSqliteHelper.h */ = {isa = PBXFileReference; fileEncoding = 4; lastKnownFileType = sourcecode.c.h; path = ETSqliteHelper.h; sourceTree = "<group>"; };
		842ED5631BD03ADD00CCDA0E /* ETStatsUpdate.h */ = {isa = PBXFileReference; fileEncoding = 4; lastKnownFileType = sourcecode.c.h; path = ETStatsUpdate.h; sourceTree = "<group>"; };
		842ED5641BD03ADD00CCDA0E /* ETURLConnection.h */ = {isa = PBXFileReference; fileEncoding = 4; lastKnownFileType = sourcecode.c.h; path = ETURLConnection.h; sourceTree = "<group>"; };
		842ED5651BD03ADD00CCDA0E /* ExactTargetEnhancedPushDataSource.h */ = {isa = PBXFileReference; fileEncoding = 4; lastKnownFileType = sourcecode.c.h; path = ExactTargetEnhancedPushDataSource.h; sourceTree = "<group>"; };
		842ED5661BD03ADD00CCDA0E /* libJB4ASDK-4.0.2.a */ = {isa = PBXFileReference; lastKnownFileType = archive.ar; path = "libJB4ASDK-4.0.2.a"; sourceTree = "<group>"; };
		842ED5671BD03ADD00CCDA0E /* PIEvent.h */ = {isa = PBXFileReference; fileEncoding = 4; lastKnownFileType = sourcecode.c.h; path = PIEvent.h; sourceTree = "<group>"; };
		842ED5681BD03ADD00CCDA0E /* PushConstants.h */ = {isa = PBXFileReference; fileEncoding = 4; lastKnownFileType = sourcecode.c.h; path = PushConstants.h; sourceTree = "<group>"; };
		846FC0901BD5349E000D8062 /* MCTagsViewController.h */ = {isa = PBXFileReference; fileEncoding = 4; lastKnownFileType = sourcecode.c.h; path = MCTagsViewController.h; sourceTree = "<group>"; };
		846FC0911BD5349E000D8062 /* MCTagsViewController.m */ = {isa = PBXFileReference; fileEncoding = 4; lastKnownFileType = sourcecode.c.objc; path = MCTagsViewController.m; sourceTree = "<group>"; };
		84B068DC1BD1437F00FE115D /* MCHomeView.h */ = {isa = PBXFileReference; fileEncoding = 4; lastKnownFileType = sourcecode.c.h; path = MCHomeView.h; sourceTree = "<group>"; };
		84B068DD1BD1437F00FE115D /* MCHomeView.m */ = {isa = PBXFileReference; fileEncoding = 4; lastKnownFileType = sourcecode.c.objc; path = MCHomeView.m; sourceTree = "<group>"; };
		84D31EA51BC6D1E400E31DAE /* MarketingCloud.app */ = {isa = PBXFileReference; explicitFileType = wrapper.application; includeInIndex = 0; path = MarketingCloud.app; sourceTree = BUILT_PRODUCTS_DIR; };
		84D31EA91BC6D1E400E31DAE /* main.m */ = {isa = PBXFileReference; lastKnownFileType = sourcecode.c.objc; path = main.m; sourceTree = "<group>"; };
		84D31EAB1BC6D1E400E31DAE /* AppDelegate.h */ = {isa = PBXFileReference; lastKnownFileType = sourcecode.c.h; path = AppDelegate.h; sourceTree = "<group>"; };
		84D31EAC1BC6D1E400E31DAE /* AppDelegate.m */ = {isa = PBXFileReference; lastKnownFileType = sourcecode.c.objc; path = AppDelegate.m; sourceTree = "<group>"; };
		84D31EB21BC6D1E400E31DAE /* Base */ = {isa = PBXFileReference; lastKnownFileType = file.storyboard; name = Base; path = Base.lproj/Main.storyboard; sourceTree = "<group>"; };
		84D31EB41BC6D1E400E31DAE /* Assets.xcassets */ = {isa = PBXFileReference; lastKnownFileType = folder.assetcatalog; path = Assets.xcassets; sourceTree = "<group>"; };
		84D31EB71BC6D1E400E31DAE /* Base */ = {isa = PBXFileReference; lastKnownFileType = file.storyboard; name = Base; path = Base.lproj/LaunchScreen.storyboard; sourceTree = "<group>"; };
		84D31EB91BC6D1E400E31DAE /* Info.plist */ = {isa = PBXFileReference; lastKnownFileType = text.plist.xml; path = Info.plist; sourceTree = "<group>"; };
		84D31EBE1BC6D1E400E31DAE /* MarketingCloudTests.xctest */ = {isa = PBXFileReference; explicitFileType = wrapper.cfbundle; includeInIndex = 0; path = MarketingCloudTests.xctest; sourceTree = BUILT_PRODUCTS_DIR; };
		84D31EC21BC6D1E400E31DAE /* MarketingCloudTests.m */ = {isa = PBXFileReference; lastKnownFileType = sourcecode.c.objc; path = MarketingCloudTests.m; sourceTree = "<group>"; };
		84D31EC41BC6D1E400E31DAE /* Info.plist */ = {isa = PBXFileReference; lastKnownFileType = text.plist.xml; path = Info.plist; sourceTree = "<group>"; };
		84D31EC91BC6D1E400E31DAE /* MarketingCloudUITests.xctest */ = {isa = PBXFileReference; explicitFileType = wrapper.cfbundle; includeInIndex = 0; path = MarketingCloudUITests.xctest; sourceTree = BUILT_PRODUCTS_DIR; };
		84D31ECD1BC6D1E400E31DAE /* MarketingCloudUITests.m */ = {isa = PBXFileReference; lastKnownFileType = sourcecode.c.objc; path = MarketingCloudUITests.m; sourceTree = "<group>"; };
		84D31ECF1BC6D1E400E31DAE /* Info.plist */ = {isa = PBXFileReference; lastKnownFileType = text.plist.xml; path = Info.plist; sourceTree = "<group>"; };
/* End PBXFileReference section */

/* Begin PBXFrameworksBuildPhase section */
		84D31EA21BC6D1E400E31DAE /* Frameworks */ = {
			isa = PBXFrameworksBuildPhase;
			buildActionMask = 2147483647;
			files = (
				842ED5691BD03ADD00CCDA0E /* libJB4ASDK-4.0.2.a in Frameworks */,
			);
			runOnlyForDeploymentPostprocessing = 0;
		};
		84D31EBB1BC6D1E400E31DAE /* Frameworks */ = {
			isa = PBXFrameworksBuildPhase;
			buildActionMask = 2147483647;
			files = (
			);
			runOnlyForDeploymentPostprocessing = 0;
		};
		84D31EC61BC6D1E400E31DAE /* Frameworks */ = {
			isa = PBXFrameworksBuildPhase;
			buildActionMask = 2147483647;
			files = (
			);
			runOnlyForDeploymentPostprocessing = 0;
		};
/* End PBXFrameworksBuildPhase section */

/* Begin PBXGroup section */
		842ED54D1BD0392700CCDA0E /* Addition */ = {
			isa = PBXGroup;
			children = (
				842ED54E1BD0393B00CCDA0E /* AppDelegate+ETPush.h */,
				842ED54F1BD0393B00CCDA0E /* AppDelegate+ETPush.m */,
				842ED5511BD039A700CCDA0E /* AppDelegate+ETPushConstants.h */,
				842ED5521BD039A700CCDA0E /* AppDelegate+ETPushConstants.m */,
			);
			name = Addition;
			sourceTree = "<group>";
		};
		842ED5541BD03AAB00CCDA0E /* JB4A */ = {
			isa = PBXGroup;
			children = (
				842ED5551BD03ADD00CCDA0E /* ETBulkUpdateShim.h */,
				842ED5561BD03ADD00CCDA0E /* ETEvent.h */,
				842ED5571BD03ADD00CCDA0E /* ETFenceMessage.h */,
				842ED5581BD03ADD00CCDA0E /* ETGenericUpdate.h */,
				842ED5591BD03ADD00CCDA0E /* ETKeyValueStore.h */,
				842ED55A1BD03ADD00CCDA0E /* ETLandingPagePresenter.h */,
				842ED55B1BD03ADD00CCDA0E /* ETLocationManager.h */,
				842ED55C1BD03ADD00CCDA0E /* ETLocationUpdate.h */,
				842ED55D1BD03ADD00CCDA0E /* ETMessage.h */,
				842ED55E1BD03ADD00CCDA0E /* ETPhoneHome.h */,
				842ED55F1BD03ADD00CCDA0E /* ETPush.h */,
				842ED5601BD03ADD00CCDA0E /* ETRegion.h */,
				842ED5611BD03ADD00CCDA0E /* ETRegistration.h */,
				842ED5621BD03ADD00CCDA0E /* ETSqliteHelper.h */,
				842ED5631BD03ADD00CCDA0E /* ETStatsUpdate.h */,
				842ED5641BD03ADD00CCDA0E /* ETURLConnection.h */,
				842ED5651BD03ADD00CCDA0E /* ExactTargetEnhancedPushDataSource.h */,
				842ED5661BD03ADD00CCDA0E /* libJB4ASDK-4.0.2.a */,
				842ED5671BD03ADD00CCDA0E /* PIEvent.h */,
				842ED5681BD03ADD00CCDA0E /* PushConstants.h */,
			);
			name = JB4A;
			sourceTree = "<group>";
		};
		84B068DB1BD1435F00FE115D /* Views */ = {
			isa = PBXGroup;
			children = (
				84B068DC1BD1437F00FE115D /* MCHomeView.h */,
				84B068DD1BD1437F00FE115D /* MCHomeView.m */,
				846FC0901BD5349E000D8062 /* MCTagsViewController.h */,
				846FC0911BD5349E000D8062 /* MCTagsViewController.m */,
			);
			name = Views;
			sourceTree = "<group>";
		};
		84D31E9C1BC6D1E400E31DAE = {
			isa = PBXGroup;
			children = (
				84D31EA71BC6D1E400E31DAE /* MarketingCloud */,
				84D31EC11BC6D1E400E31DAE /* MarketingCloudTests */,
				84D31ECC1BC6D1E400E31DAE /* MarketingCloudUITests */,
				84D31EA61BC6D1E400E31DAE /* Products */,
			);
			sourceTree = "<group>";
		};
		84D31EA61BC6D1E400E31DAE /* Products */ = {
			isa = PBXGroup;
			children = (
				84D31EA51BC6D1E400E31DAE /* MarketingCloud.app */,
				84D31EBE1BC6D1E400E31DAE /* MarketingCloudTests.xctest */,
				84D31EC91BC6D1E400E31DAE /* MarketingCloudUITests.xctest */,
			);
			name = Products;
			sourceTree = "<group>";
		};
		84D31EA71BC6D1E400E31DAE /* MarketingCloud */ = {
			isa = PBXGroup;
			children = (
				84B068DB1BD1435F00FE115D /* Views */,
				842ED5541BD03AAB00CCDA0E /* JB4A */,
				842ED54D1BD0392700CCDA0E /* Addition */,
				84D31EAB1BC6D1E400E31DAE /* AppDelegate.h */,
				84D31EAC1BC6D1E400E31DAE /* AppDelegate.m */,
				84D31EB11BC6D1E400E31DAE /* Main.storyboard */,
				84D31EB41BC6D1E400E31DAE /* Assets.xcassets */,
				84D31EB61BC6D1E400E31DAE /* LaunchScreen.storyboard */,
				84D31EB91BC6D1E400E31DAE /* Info.plist */,
				84D31EA81BC6D1E400E31DAE /* Supporting Files */,
			);
			path = MarketingCloud;
			sourceTree = "<group>";
		};
		84D31EA81BC6D1E400E31DAE /* Supporting Files */ = {
			isa = PBXGroup;
			children = (
				84D31EA91BC6D1E400E31DAE /* main.m */,
			);
			name = "Supporting Files";
			sourceTree = "<group>";
		};
		84D31EC11BC6D1E400E31DAE /* MarketingCloudTests */ = {
			isa = PBXGroup;
			children = (
				84D31EC21BC6D1E400E31DAE /* MarketingCloudTests.m */,
				84D31EC41BC6D1E400E31DAE /* Info.plist */,
			);
			path = MarketingCloudTests;
			sourceTree = "<group>";
		};
		84D31ECC1BC6D1E400E31DAE /* MarketingCloudUITests */ = {
			isa = PBXGroup;
			children = (
				84D31ECD1BC6D1E400E31DAE /* MarketingCloudUITests.m */,
				84D31ECF1BC6D1E400E31DAE /* Info.plist */,
			);
			path = MarketingCloudUITests;
			sourceTree = "<group>";
		};
/* End PBXGroup section */

/* Begin PBXNativeTarget section */
		84D31EA41BC6D1E400E31DAE /* MarketingCloud */ = {
			isa = PBXNativeTarget;
			buildConfigurationList = 84D31ED21BC6D1E400E31DAE /* Build configuration list for PBXNativeTarget "MarketingCloud" */;
			buildPhases = (
				84D31EA11BC6D1E400E31DAE /* Sources */,
				84D31EA21BC6D1E400E31DAE /* Frameworks */,
				84D31EA31BC6D1E400E31DAE /* Resources */,
			);
			buildRules = (
			);
			dependencies = (
			);
			name = MarketingCloud;
			productName = MarketingCloud;
			productReference = 84D31EA51BC6D1E400E31DAE /* MarketingCloud.app */;
			productType = "com.apple.product-type.application";
		};
		84D31EBD1BC6D1E400E31DAE /* MarketingCloudTests */ = {
			isa = PBXNativeTarget;
			buildConfigurationList = 84D31ED51BC6D1E400E31DAE /* Build configuration list for PBXNativeTarget "MarketingCloudTests" */;
			buildPhases = (
				84D31EBA1BC6D1E400E31DAE /* Sources */,
				84D31EBB1BC6D1E400E31DAE /* Frameworks */,
				84D31EBC1BC6D1E400E31DAE /* Resources */,
			);
			buildRules = (
			);
			dependencies = (
				84D31EC01BC6D1E400E31DAE /* PBXTargetDependency */,
			);
			name = MarketingCloudTests;
			productName = MarketingCloudTests;
			productReference = 84D31EBE1BC6D1E400E31DAE /* MarketingCloudTests.xctest */;
			productType = "com.apple.product-type.bundle.unit-test";
		};
		84D31EC81BC6D1E400E31DAE /* MarketingCloudUITests */ = {
			isa = PBXNativeTarget;
			buildConfigurationList = 84D31ED81BC6D1E400E31DAE /* Build configuration list for PBXNativeTarget "MarketingCloudUITests" */;
			buildPhases = (
				84D31EC51BC6D1E400E31DAE /* Sources */,
				84D31EC61BC6D1E400E31DAE /* Frameworks */,
				84D31EC71BC6D1E400E31DAE /* Resources */,
			);
			buildRules = (
			);
			dependencies = (
				84D31ECB1BC6D1E400E31DAE /* PBXTargetDependency */,
			);
			name = MarketingCloudUITests;
			productName = MarketingCloudUITests;
			productReference = 84D31EC91BC6D1E400E31DAE /* MarketingCloudUITests.xctest */;
			productType = "com.apple.product-type.bundle.ui-testing";
		};
/* End PBXNativeTarget section */

/* Begin PBXProject section */
		84D31E9D1BC6D1E400E31DAE /* Project object */ = {
			isa = PBXProject;
			attributes = {
				CLASSPREFIX = MC;
				LastUpgradeCheck = 0700;
				ORGANIZATIONNAME = Oktana;
				TargetAttributes = {
					84D31EA41BC6D1E400E31DAE = {
						CreatedOnToolsVersion = 7.0;
						DevelopmentTeam = RNQ52E7G3P;
						SystemCapabilities = {
							com.apple.BackgroundModes = {
								enabled = 1;
							};
							com.apple.Push = {
								enabled = 1;
							};
						};
					};
					84D31EBD1BC6D1E400E31DAE = {
						CreatedOnToolsVersion = 7.0;
						TestTargetID = 84D31EA41BC6D1E400E31DAE;
					};
					84D31EC81BC6D1E400E31DAE = {
						CreatedOnToolsVersion = 7.0;
						TestTargetID = 84D31EA41BC6D1E400E31DAE;
					};
				};
			};
			buildConfigurationList = 84D31EA01BC6D1E400E31DAE /* Build configuration list for PBXProject "MarketingCloud" */;
			compatibilityVersion = "Xcode 3.2";
			developmentRegion = English;
			hasScannedForEncodings = 0;
			knownRegions = (
				en,
				Base,
			);
			mainGroup = 84D31E9C1BC6D1E400E31DAE;
			productRefGroup = 84D31EA61BC6D1E400E31DAE /* Products */;
			projectDirPath = "";
			projectRoot = "";
			targets = (
				84D31EA41BC6D1E400E31DAE /* MarketingCloud */,
				84D31EBD1BC6D1E400E31DAE /* MarketingCloudTests */,
				84D31EC81BC6D1E400E31DAE /* MarketingCloudUITests */,
			);
		};
/* End PBXProject section */

/* Begin PBXResourcesBuildPhase section */
		84D31EA31BC6D1E400E31DAE /* Resources */ = {
			isa = PBXResourcesBuildPhase;
			buildActionMask = 2147483647;
			files = (
				84D31EB81BC6D1E400E31DAE /* LaunchScreen.storyboard in Resources */,
				84D31EB51BC6D1E400E31DAE /* Assets.xcassets in Resources */,
				84D31EB31BC6D1E400E31DAE /* Main.storyboard in Resources */,
			);
			runOnlyForDeploymentPostprocessing = 0;
		};
		84D31EBC1BC6D1E400E31DAE /* Resources */ = {
			isa = PBXResourcesBuildPhase;
			buildActionMask = 2147483647;
			files = (
			);
			runOnlyForDeploymentPostprocessing = 0;
		};
		84D31EC71BC6D1E400E31DAE /* Resources */ = {
			isa = PBXResourcesBuildPhase;
			buildActionMask = 2147483647;
			files = (
			);
			runOnlyForDeploymentPostprocessing = 0;
		};
/* End PBXResourcesBuildPhase section */

/* Begin PBXSourcesBuildPhase section */
		84D31EA11BC6D1E400E31DAE /* Sources */ = {
			isa = PBXSourcesBuildPhase;
			buildActionMask = 2147483647;
			files = (
				84B068DE1BD1437F00FE115D /* MCHomeView.m in Sources */,
				846FC0921BD5349E000D8062 /* MCTagsViewController.m in Sources */,
				84D31EAD1BC6D1E400E31DAE /* AppDelegate.m in Sources */,
				84D31EAA1BC6D1E400E31DAE /* main.m in Sources */,
				842ED5501BD0393B00CCDA0E /* AppDelegate+ETPush.m in Sources */,
				842ED5531BD039A700CCDA0E /* AppDelegate+ETPushConstants.m in Sources */,
			);
			runOnlyForDeploymentPostprocessing = 0;
		};
		84D31EBA1BC6D1E400E31DAE /* Sources */ = {
			isa = PBXSourcesBuildPhase;
			buildActionMask = 2147483647;
			files = (
				84D31EC31BC6D1E400E31DAE /* MarketingCloudTests.m in Sources */,
			);
			runOnlyForDeploymentPostprocessing = 0;
		};
		84D31EC51BC6D1E400E31DAE /* Sources */ = {
			isa = PBXSourcesBuildPhase;
			buildActionMask = 2147483647;
			files = (
				84D31ECE1BC6D1E400E31DAE /* MarketingCloudUITests.m in Sources */,
			);
			runOnlyForDeploymentPostprocessing = 0;
		};
/* End PBXSourcesBuildPhase section */

/* Begin PBXTargetDependency section */
		84D31EC01BC6D1E400E31DAE /* PBXTargetDependency */ = {
			isa = PBXTargetDependency;
			target = 84D31EA41BC6D1E400E31DAE /* MarketingCloud */;
			targetProxy = 84D31EBF1BC6D1E400E31DAE /* PBXContainerItemProxy */;
		};
		84D31ECB1BC6D1E400E31DAE /* PBXTargetDependency */ = {
			isa = PBXTargetDependency;
			target = 84D31EA41BC6D1E400E31DAE /* MarketingCloud */;
			targetProxy = 84D31ECA1BC6D1E400E31DAE /* PBXContainerItemProxy */;
		};
/* End PBXTargetDependency section */

/* Begin PBXVariantGroup section */
		84D31EB11BC6D1E400E31DAE /* Main.storyboard */ = {
			isa = PBXVariantGroup;
			children = (
				84D31EB21BC6D1E400E31DAE /* Base */,
			);
			name = Main.storyboard;
			sourceTree = "<group>";
		};
		84D31EB61BC6D1E400E31DAE /* LaunchScreen.storyboard */ = {
			isa = PBXVariantGroup;
			children = (
				84D31EB71BC6D1E400E31DAE /* Base */,
			);
			name = LaunchScreen.storyboard;
			sourceTree = "<group>";
		};
/* End PBXVariantGroup section */

/* Begin XCBuildConfiguration section */
		84D31ED01BC6D1E400E31DAE /* Debug */ = {
			isa = XCBuildConfiguration;
			buildSettings = {
				ALWAYS_SEARCH_USER_PATHS = NO;
				CLANG_CXX_LANGUAGE_STANDARD = "gnu++0x";
				CLANG_CXX_LIBRARY = "libc++";
				CLANG_ENABLE_MODULES = YES;
				CLANG_ENABLE_OBJC_ARC = YES;
				CLANG_WARN_BOOL_CONVERSION = YES;
				CLANG_WARN_CONSTANT_CONVERSION = YES;
				CLANG_WARN_DIRECT_OBJC_ISA_USAGE = YES_ERROR;
				CLANG_WARN_EMPTY_BODY = YES;
				CLANG_WARN_ENUM_CONVERSION = YES;
				CLANG_WARN_INT_CONVERSION = YES;
				CLANG_WARN_OBJC_ROOT_CLASS = YES_ERROR;
				CLANG_WARN_UNREACHABLE_CODE = YES;
				CLANG_WARN__DUPLICATE_METHOD_MATCH = YES;
				"CODE_SIGN_IDENTITY[sdk=iphoneos*]" = "iPhone Developer";
				COPY_PHASE_STRIP = NO;
				DEBUG_INFORMATION_FORMAT = dwarf;
				ENABLE_STRICT_OBJC_MSGSEND = YES;
				ENABLE_TESTABILITY = YES;
				GCC_C_LANGUAGE_STANDARD = gnu99;
				GCC_DYNAMIC_NO_PIC = NO;
				GCC_NO_COMMON_BLOCKS = YES;
				GCC_OPTIMIZATION_LEVEL = 0;
				GCC_PREPROCESSOR_DEFINITIONS = (
					"DEBUG=1",
					"$(inherited)",
				);
				GCC_WARN_64_TO_32_BIT_CONVERSION = YES;
				GCC_WARN_ABOUT_RETURN_TYPE = YES_ERROR;
				GCC_WARN_UNDECLARED_SELECTOR = YES;
				GCC_WARN_UNINITIALIZED_AUTOS = YES_AGGRESSIVE;
				GCC_WARN_UNUSED_FUNCTION = YES;
				GCC_WARN_UNUSED_VARIABLE = YES;
				IPHONEOS_DEPLOYMENT_TARGET = 9.0;
				MTL_ENABLE_DEBUG_INFO = YES;
				ONLY_ACTIVE_ARCH = YES;
				SDKROOT = iphoneos;
				TARGETED_DEVICE_FAMILY = "1,2";
			};
			name = Debug;
		};
		84D31ED11BC6D1E400E31DAE /* Release */ = {
			isa = XCBuildConfiguration;
			buildSettings = {
				ALWAYS_SEARCH_USER_PATHS = NO;
				CLANG_CXX_LANGUAGE_STANDARD = "gnu++0x";
				CLANG_CXX_LIBRARY = "libc++";
				CLANG_ENABLE_MODULES = YES;
				CLANG_ENABLE_OBJC_ARC = YES;
				CLANG_WARN_BOOL_CONVERSION = YES;
				CLANG_WARN_CONSTANT_CONVERSION = YES;
				CLANG_WARN_DIRECT_OBJC_ISA_USAGE = YES_ERROR;
				CLANG_WARN_EMPTY_BODY = YES;
				CLANG_WARN_ENUM_CONVERSION = YES;
				CLANG_WARN_INT_CONVERSION = YES;
				CLANG_WARN_OBJC_ROOT_CLASS = YES_ERROR;
				CLANG_WARN_UNREACHABLE_CODE = YES;
				CLANG_WARN__DUPLICATE_METHOD_MATCH = YES;
				"CODE_SIGN_IDENTITY[sdk=iphoneos*]" = "iPhone Developer";
				COPY_PHASE_STRIP = NO;
				DEBUG_INFORMATION_FORMAT = "dwarf-with-dsym";
				ENABLE_NS_ASSERTIONS = NO;
				ENABLE_STRICT_OBJC_MSGSEND = YES;
				GCC_C_LANGUAGE_STANDARD = gnu99;
				GCC_NO_COMMON_BLOCKS = YES;
				GCC_WARN_64_TO_32_BIT_CONVERSION = YES;
				GCC_WARN_ABOUT_RETURN_TYPE = YES_ERROR;
				GCC_WARN_UNDECLARED_SELECTOR = YES;
				GCC_WARN_UNINITIALIZED_AUTOS = YES_AGGRESSIVE;
				GCC_WARN_UNUSED_FUNCTION = YES;
				GCC_WARN_UNUSED_VARIABLE = YES;
				IPHONEOS_DEPLOYMENT_TARGET = 9.0;
				MTL_ENABLE_DEBUG_INFO = NO;
				SDKROOT = iphoneos;
				TARGETED_DEVICE_FAMILY = "1,2";
				VALIDATE_PRODUCT = YES;
			};
			name = Release;
		};
		84D31ED31BC6D1E400E31DAE /* Debug */ = {
			isa = XCBuildConfiguration;
			buildSettings = {
				ASSETCATALOG_COMPILER_APPICON_NAME = AppIcon;
				CODE_SIGN_IDENTITY = "iPhone Developer";
				ENABLE_BITCODE = NO;
				INFOPLIST_FILE = MarketingCloud/Info.plist;
				LD_RUNPATH_SEARCH_PATHS = "$(inherited) @executable_path/Frameworks";
				LIBRARY_SEARCH_PATHS = (
					"$(inherited)",
					"$(PROJECT_DIR)/MarketingCloud",
				);
				PRODUCT_BUNDLE_IDENTIFIER = "com.exacttarget.internal.js-052914PushTester";
				PRODUCT_NAME = "$(TARGET_NAME)";
			};
			name = Debug;
		};
		84D31ED41BC6D1E400E31DAE /* Release */ = {
			isa = XCBuildConfiguration;
			buildSettings = {
				ASSETCATALOG_COMPILER_APPICON_NAME = AppIcon;
				CODE_SIGN_IDENTITY = "iPhone Developer";
				ENABLE_BITCODE = NO;
				INFOPLIST_FILE = MarketingCloud/Info.plist;
				LD_RUNPATH_SEARCH_PATHS = "$(inherited) @executable_path/Frameworks";
				LIBRARY_SEARCH_PATHS = (
					"$(inherited)",
					"$(PROJECT_DIR)/MarketingCloud",
				);
				PRODUCT_BUNDLE_IDENTIFIER = "com.exacttarget.internal.js-052914PushTester";
				PRODUCT_NAME = "$(TARGET_NAME)";
			};
			name = Release;
		};
		84D31ED61BC6D1E400E31DAE /* Debug */ = {
			isa = XCBuildConfiguration;
			buildSettings = {
				BUNDLE_LOADER = "$(TEST_HOST)";
				INFOPLIST_FILE = MarketingCloudTests/Info.plist;
				LD_RUNPATH_SEARCH_PATHS = "$(inherited) @executable_path/Frameworks @loader_path/Frameworks";
				PRODUCT_BUNDLE_IDENTIFIER = com.oktana.MarketingCloudTests;
				PRODUCT_NAME = "$(TARGET_NAME)";
				TEST_HOST = "$(BUILT_PRODUCTS_DIR)/MarketingCloud.app/MarketingCloud";
			};
			name = Debug;
		};
		84D31ED71BC6D1E400E31DAE /* Release */ = {
			isa = XCBuildConfiguration;
			buildSettings = {
				BUNDLE_LOADER = "$(TEST_HOST)";
				INFOPLIST_FILE = MarketingCloudTests/Info.plist;
				LD_RUNPATH_SEARCH_PATHS = "$(inherited) @executable_path/Frameworks @loader_path/Frameworks";
				PRODUCT_BUNDLE_IDENTIFIER = com.oktana.MarketingCloudTests;
				PRODUCT_NAME = "$(TARGET_NAME)";
				TEST_HOST = "$(BUILT_PRODUCTS_DIR)/MarketingCloud.app/MarketingCloud";
			};
			name = Release;
		};
		84D31ED91BC6D1E400E31DAE /* Debug */ = {
			isa = XCBuildConfiguration;
			buildSettings = {
				INFOPLIST_FILE = MarketingCloudUITests/Info.plist;
				LD_RUNPATH_SEARCH_PATHS = "$(inherited) @executable_path/Frameworks @loader_path/Frameworks";
				PRODUCT_BUNDLE_IDENTIFIER = com.oktana.MarketingCloudUITests;
				PRODUCT_NAME = "$(TARGET_NAME)";
				TEST_TARGET_NAME = MarketingCloud;
				USES_XCTRUNNER = YES;
			};
			name = Debug;
		};
		84D31EDA1BC6D1E400E31DAE /* Release */ = {
			isa = XCBuildConfiguration;
			buildSettings = {
				INFOPLIST_FILE = MarketingCloudUITests/Info.plist;
				LD_RUNPATH_SEARCH_PATHS = "$(inherited) @executable_path/Frameworks @loader_path/Frameworks";
				PRODUCT_BUNDLE_IDENTIFIER = com.oktana.MarketingCloudUITests;
				PRODUCT_NAME = "$(TARGET_NAME)";
				TEST_TARGET_NAME = MarketingCloud;
				USES_XCTRUNNER = YES;
			};
			name = Release;
		};
/* End XCBuildConfiguration section */

/* Begin XCConfigurationList section */
		84D31EA01BC6D1E400E31DAE /* Build configuration list for PBXProject "MarketingCloud" */ = {
			isa = XCConfigurationList;
			buildConfigurations = (
				84D31ED01BC6D1E400E31DAE /* Debug */,
				84D31ED11BC6D1E400E31DAE /* Release */,
			);
			defaultConfigurationIsVisible = 0;
			defaultConfigurationName = Release;
		};
		84D31ED21BC6D1E400E31DAE /* Build configuration list for PBXNativeTarget "MarketingCloud" */ = {
			isa = XCConfigurationList;
			buildConfigurations = (
				84D31ED31BC6D1E400E31DAE /* Debug */,
				84D31ED41BC6D1E400E31DAE /* Release */,
			);
			defaultConfigurationIsVisible = 0;
			defaultConfigurationName = Release;
		};
		84D31ED51BC6D1E400E31DAE /* Build configuration list for PBXNativeTarget "MarketingCloudTests" */ = {
			isa = XCConfigurationList;
			buildConfigurations = (
				84D31ED61BC6D1E400E31DAE /* Debug */,
				84D31ED71BC6D1E400E31DAE /* Release */,
			);
			defaultConfigurationIsVisible = 0;
			defaultConfigurationName = Release;
		};
		84D31ED81BC6D1E400E31DAE /* Build configuration list for PBXNativeTarget "MarketingCloudUITests" */ = {
			isa = XCConfigurationList;
			buildConfigurations = (
				84D31ED91BC6D1E400E31DAE /* Debug */,
				84D31EDA1BC6D1E400E31DAE /* Release */,
			);
			defaultConfigurationIsVisible = 0;
			defaultConfigurationName = Release;
		};
/* End XCConfigurationList section */
	};
	rootObject = 84D31E9D1BC6D1E400E31DAE /* Project object */;
}
